
Microsoft Visual Studio Solution File, Format Version 12.00
# Visual Studio Version 17
VisualStudioVersion = 17.7.34202.233
MinimumVisualStudioVersion = 10.0.40219.1
Project("{8BC9CEB8-8B4A-11D0-8D11-00A0C91BC942}") = "FirstClass", "FirstClass\FirstClass.vcxproj", "{5DF1946E-63D4-4446-B0BE-124089E0BBB5}"
EndProject
Project("{8BC9CEB8-8B4A-11D0-8D11-00A0C91BC942}") = "AgregationAndResourceManagment", "AgregationAndResourceManagment\AgregationAndResourceManagment.vcxproj", "{5C13E963-3AB0-48F6-83DE-64878588426D}"
EndProject
Project("{8BC9CEB8-8B4A-11D0-8D11-00A0C91BC942}") = "Forest", "Forest\Forest.vcxproj", "{59F9E027-D990-40D9-9B5A-8260EE094828}"
EndProject
Project("{8BC9CEB8-8B4A-11D0-8D11-00A0C91BC942}") = "StaticFieldsAndMethods", "StaticFieldsAndMethods\StaticFieldsAndMethods.vcxproj", "{A1C464F0-2578-4BA6-8469-097D0C9BFF83}"
EndProject
Project("{8BC9CEB8-8B4A-11D0-8D11-00A0C91BC942}") = "Inheritance", "Inheritance\Inheritance.vcxproj", "{08A691CD-8648-4268-A1DD-D5F999AE6B32}"
EndProject
Project("{8BC9CEB8-8B4A-11D0-8D11-00A0C91BC942}") = "AbstractClassPractice", "AbstractClassPractice\AbstractClassPractice.vcxproj", "{0E75AF31-80AD-409F-B6EC-565776F5A53B}"
EndProject
Project("{8BC9CEB8-8B4A-11D0-8D11-00A0C91BC942}") = "MultiInheritance", "MultiInheritance\MultiInheritance.vcxproj", "{047E42B9-B576-48CA-ACB9-858E99C972F9}"
EndProject
Project("{8BC9CEB8-8B4A-11D0-8D11-00A0C91BC942}") = "ConcurentInheritance", "ConcurentInheritance\ConcurentInheritance.vcxproj", "{8685B1E1-8C94-43FB-950F-054D3C9EFC59}"
EndProject
Project("{8BC9CEB8-8B4A-11D0-8D11-00A0C91BC942}") = "TemplateClasses", "TemplateClasses\TemplateClasses.vcxproj", "{E5E2FA97-AEB6-471C-9C09-F7588A4198FA}"
EndProject
Project("{8BC9CEB8-8B4A-11D0-8D11-00A0C91BC942}") = "Adjustments in template", "Adjustments in template\Adjustments in template.vcxproj", "{5035DC33-BEE8-46FB-B7BB-66E123B1E6C2}"
EndProject
Global
	GlobalSection(SolutionConfigurationPlatforms) = preSolution
		Debug|x64 = Debug|x64
		Debug|x86 = Debug|x86
		Release|x64 = Release|x64
		Release|x86 = Release|x86
	EndGlobalSection
	GlobalSection(ProjectConfigurationPlatforms) = postSolution
		{5DF1946E-63D4-4446-B0BE-124089E0BBB5}.Debug|x64.ActiveCfg = Debug|x64
		{5DF1946E-63D4-4446-B0BE-124089E0BBB5}.Debug|x64.Build.0 = Debug|x64
		{5DF1946E-63D4-4446-B0BE-124089E0BBB5}.Debug|x86.ActiveCfg = Debug|Win32
		{5DF1946E-63D4-4446-B0BE-124089E0BBB5}.Debug|x86.Build.0 = Debug|Win32
		{5DF1946E-63D4-4446-B0BE-124089E0BBB5}.Release|x64.ActiveCfg = Release|x64
		{5DF1946E-63D4-4446-B0BE-124089E0BBB5}.Release|x64.Build.0 = Release|x64
		{5DF1946E-63D4-4446-B0BE-124089E0BBB5}.Release|x86.ActiveCfg = Release|Win32
		{5DF1946E-63D4-4446-B0BE-124089E0BBB5}.Release|x86.Build.0 = Release|Win32
		{5C13E963-3AB0-48F6-83DE-64878588426D}.Debug|x64.ActiveCfg = Debug|x64
		{5C13E963-3AB0-48F6-83DE-64878588426D}.Debug|x64.Build.0 = Debug|x64
		{5C13E963-3AB0-48F6-83DE-64878588426D}.Debug|x86.ActiveCfg = Debug|Win32
		{5C13E963-3AB0-48F6-83DE-64878588426D}.Debug|x86.Build.0 = Debug|Win32
		{5C13E963-3AB0-48F6-83DE-64878588426D}.Release|x64.ActiveCfg = Release|x64
		{5C13E963-3AB0-48F6-83DE-64878588426D}.Release|x64.Build.0 = Release|x64
		{5C13E963-3AB0-48F6-83DE-64878588426D}.Release|x86.ActiveCfg = Release|Win32
		{5C13E963-3AB0-48F6-83DE-64878588426D}.Release|x86.Build.0 = Release|Win32
		{59F9E027-D990-40D9-9B5A-8260EE094828}.Debug|x64.ActiveCfg = Debug|x64
		{59F9E027-D990-40D9-9B5A-8260EE094828}.Debug|x64.Build.0 = Debug|x64
		{59F9E027-D990-40D9-9B5A-8260EE094828}.Debug|x86.ActiveCfg = Debug|Win32
		{59F9E027-D990-40D9-9B5A-8260EE094828}.Debug|x86.Build.0 = Debug|Win32
		{59F9E027-D990-40D9-9B5A-8260EE094828}.Release|x64.ActiveCfg = Release|x64
		{59F9E027-D990-40D9-9B5A-8260EE094828}.Release|x64.Build.0 = Release|x64
		{59F9E027-D990-40D9-9B5A-8260EE094828}.Release|x86.ActiveCfg = Release|Win32
		{59F9E027-D990-40D9-9B5A-8260EE094828}.Release|x86.Build.0 = Release|Win32
		{A1C464F0-2578-4BA6-8469-097D0C9BFF83}.Debug|x64.ActiveCfg = Debug|x64
		{A1C464F0-2578-4BA6-8469-097D0C9BFF83}.Debug|x64.Build.0 = Debug|x64
		{A1C464F0-2578-4BA6-8469-097D0C9BFF83}.Debug|x86.ActiveCfg = Debug|Win32
		{A1C464F0-2578-4BA6-8469-097D0C9BFF83}.Debug|x86.Build.0 = Debug|Win32
		{A1C464F0-2578-4BA6-8469-097D0C9BFF83}.Release|x64.ActiveCfg = Release|x64
		{A1C464F0-2578-4BA6-8469-097D0C9BFF83}.Release|x64.Build.0 = Release|x64
		{A1C464F0-2578-4BA6-8469-097D0C9BFF83}.Release|x86.ActiveCfg = Release|Win32
		{A1C464F0-2578-4BA6-8469-097D0C9BFF83}.Release|x86.Build.0 = Release|Win32
		{08A691CD-8648-4268-A1DD-D5F999AE6B32}.Debug|x64.ActiveCfg = Debug|x64
		{08A691CD-8648-4268-A1DD-D5F999AE6B32}.Debug|x64.Build.0 = Debug|x64
		{08A691CD-8648-4268-A1DD-D5F999AE6B32}.Debug|x86.ActiveCfg = Debug|Win32
		{08A691CD-8648-4268-A1DD-D5F999AE6B32}.Debug|x86.Build.0 = Debug|Win32
		{08A691CD-8648-4268-A1DD-D5F999AE6B32}.Release|x64.ActiveCfg = Release|x64
		{08A691CD-8648-4268-A1DD-D5F999AE6B32}.Release|x64.Build.0 = Release|x64
		{08A691CD-8648-4268-A1DD-D5F999AE6B32}.Release|x86.ActiveCfg = Release|Win32
		{08A691CD-8648-4268-A1DD-D5F999AE6B32}.Release|x86.Build.0 = Release|Win32
		{0E75AF31-80AD-409F-B6EC-565776F5A53B}.Debug|x64.ActiveCfg = Debug|x64
		{0E75AF31-80AD-409F-B6EC-565776F5A53B}.Debug|x64.Build.0 = Debug|x64
		{0E75AF31-80AD-409F-B6EC-565776F5A53B}.Debug|x86.ActiveCfg = Debug|Win32
		{0E75AF31-80AD-409F-B6EC-565776F5A53B}.Debug|x86.Build.0 = Debug|Win32
		{0E75AF31-80AD-409F-B6EC-565776F5A53B}.Release|x64.ActiveCfg = Release|x64
		{0E75AF31-80AD-409F-B6EC-565776F5A53B}.Release|x64.Build.0 = Release|x64
		{0E75AF31-80AD-409F-B6EC-565776F5A53B}.Release|x86.ActiveCfg = Release|Win32
		{0E75AF31-80AD-409F-B6EC-565776F5A53B}.Release|x86.Build.0 = Release|Win32
		{047E42B9-B576-48CA-ACB9-858E99C972F9}.Debug|x64.ActiveCfg = Debug|x64
		{047E42B9-B576-48CA-ACB9-858E99C972F9}.Debug|x64.Build.0 = Debug|x64
		{047E42B9-B576-48CA-ACB9-858E99C972F9}.Debug|x86.ActiveCfg = Debug|Win32
		{047E42B9-B576-48CA-ACB9-858E99C972F9}.Debug|x86.Build.0 = Debug|Win32
		{047E42B9-B576-48CA-ACB9-858E99C972F9}.Release|x64.ActiveCfg = Release|x64
		{047E42B9-B576-48CA-ACB9-858E99C972F9}.Release|x64.Build.0 = Release|x64
		{047E42B9-B576-48CA-ACB9-858E99C972F9}.Release|x86.ActiveCfg = Release|Win32
		{047E42B9-B576-48CA-ACB9-858E99C972F9}.Release|x86.Build.0 = Release|Win32
		{8685B1E1-8C94-43FB-950F-054D3C9EFC59}.Debug|x64.ActiveCfg = Debug|x64
		{8685B1E1-8C94-43FB-950F-054D3C9EFC59}.Debug|x64.Build.0 = Debug|x64
		{8685B1E1-8C94-43FB-950F-054D3C9EFC59}.Debug|x86.ActiveCfg = Debug|Win32
		{8685B1E1-8C94-43FB-950F-054D3C9EFC59}.Debug|x86.Build.0 = Debug|Win32
		{8685B1E1-8C94-43FB-950F-054D3C9EFC59}.Release|x64.ActiveCfg = Release|x64
		{8685B1E1-8C94-43FB-950F-054D3C9EFC59}.Release|x64.Build.0 = Release|x64
		{8685B1E1-8C94-43FB-950F-054D3C9EFC59}.Release|x86.ActiveCfg = Release|Win32
		{8685B1E1-8C94-43FB-950F-054D3C9EFC59}.Release|x86.Build.0 = Release|Win32
		{E5E2FA97-AEB6-471C-9C09-F7588A4198FA}.Debug|x64.ActiveCfg = Debug|x64
		{E5E2FA97-AEB6-471C-9C09-F7588A4198FA}.Debug|x64.Build.0 = Debug|x64
		{E5E2FA97-AEB6-471C-9C09-F7588A4198FA}.Debug|x86.ActiveCfg = Debug|Win32
		{E5E2FA97-AEB6-471C-9C09-F7588A4198FA}.Debug|x86.Build.0 = Debug|Win32
		{E5E2FA97-AEB6-471C-9C09-F7588A4198FA}.Release|x64.ActiveCfg = Release|x64
		{E5E2FA97-AEB6-471C-9C09-F7588A4198FA}.Release|x64.Build.0 = Release|x64
		{E5E2FA97-AEB6-471C-9C09-F7588A4198FA}.Release|x86.ActiveCfg = Release|Win32
		{E5E2FA97-AEB6-471C-9C09-F7588A4198FA}.Release|x86.Build.0 = Release|Win32
		{5035DC33-BEE8-46FB-B7BB-66E123B1E6C2}.Debug|x64.ActiveCfg = Debug|x64
		{5035DC33-BEE8-46FB-B7BB-66E123B1E6C2}.Debug|x64.Build.0 = Debug|x64
		{5035DC33-BEE8-46FB-B7BB-66E123B1E6C2}.Debug|x86.ActiveCfg = Debug|Win32
		{5035DC33-BEE8-46FB-B7BB-66E123B1E6C2}.Debug|x86.Build.0 = Debug|Win32
		{5035DC33-BEE8-46FB-B7BB-66E123B1E6C2}.Release|x64.ActiveCfg = Release|x64
		{5035DC33-BEE8-46FB-B7BB-66E123B1E6C2}.Release|x64.Build.0 = Release|x64
		{5035DC33-BEE8-46FB-B7BB-66E123B1E6C2}.Release|x86.ActiveCfg = Release|Win32
		{5035DC33-BEE8-46FB-B7BB-66E123B1E6C2}.Release|x86.Build.0 = Release|Win32
	EndGlobalSection
	GlobalSection(SolutionProperties) = preSolution
		HideSolutionNode = FALSE
	EndGlobalSection
	GlobalSection(ExtensibilityGlobals) = postSolution
		SolutionGuid = {178B9F15-B8F5-46E2-9027-7AEB5C3DA416}
	EndGlobalSection
EndGlobal
