
Microsoft Visual Studio Solution File, Format Version 12.00
# Visual Studio Version 17
VisualStudioVersion = 17.7.34202.233
MinimumVisualStudioVersion = 10.0.40219.1
Project("{8BC9CEB8-8B4A-11D0-8D11-00A0C91BC942}") = "FirstClass", "FirstClass\FirstClass.vcxproj", "{5DF1946E-63D4-4446-B0BE-124089E0BBB5}"
EndProject
Project("{8BC9CEB8-8B4A-11D0-8D11-00A0C91BC942}") = "AgregationAndResourceManagment", "AgregationAndResourceManagment\AgregationAndResourceManagment.vcxproj", "{5C13E963-3AB0-48F6-83DE-64878588426D}"
EndProject
Project("{8BC9CEB8-8B4A-11D0-8D11-00A0C91BC942}") = "Forest", "Forest\Forest.vcxproj", "{59F9E027-D990-40D9-9B5A-8260EE094828}"
EndProject
Project("{8BC9CEB8-8B4A-11D0-8D11-00A0C91BC942}") = "StaticFieldsAndMethods", "StaticFieldsAndMethods\StaticFieldsAndMethods.vcxproj", "{A1C464F0-2578-4BA6-8469-097D0C9BFF83}"
EndProject
Global
	GlobalSection(SolutionConfigurationPlatforms) = preSolution
		Debug|x64 = Debug|x64
		Debug|x86 = Debug|x86
		Release|x64 = Release|x64
		Release|x86 = Release|x86
	EndGlobalSection
	GlobalSection(ProjectConfigurationPlatforms) = postSolution
		{5DF1946E-63D4-4446-B0BE-124089E0BBB5}.Debug|x64.ActiveCfg = Debug|x64
		{5DF1946E-63D4-4446-B0BE-124089E0BBB5}.Debug|x64.Build.0 = Debug|x64
		{5DF1946E-63D4-4446-B0BE-124089E0BBB5}.Debug|x86.ActiveCfg = Debug|Win32
		{5DF1946E-63D4-4446-B0BE-124089E0BBB5}.Debug|x86.Build.0 = Debug|Win32
		{5DF1946E-63D4-4446-B0BE-124089E0BBB5}.Release|x64.ActiveCfg = Release|x64
		{5DF1946E-63D4-4446-B0BE-124089E0BBB5}.Release|x64.Build.0 = Release|x64
		{5DF1946E-63D4-4446-B0BE-124089E0BBB5}.Release|x86.ActiveCfg = Release|Win32
		{5DF1946E-63D4-4446-B0BE-124089E0BBB5}.Release|x86.Build.0 = Release|Win32
		{5C13E963-3AB0-48F6-83DE-64878588426D}.Debug|x64.ActiveCfg = Debug|x64
		{5C13E963-3AB0-48F6-83DE-64878588426D}.Debug|x64.Build.0 = Debug|x64
		{5C13E963-3AB0-48F6-83DE-64878588426D}.Debug|x86.ActiveCfg = Debug|Win32
		{5C13E963-3AB0-48F6-83DE-64878588426D}.Debug|x86.Build.0 = Debug|Win32
		{5C13E963-3AB0-48F6-83DE-64878588426D}.Release|x64.ActiveCfg = Release|x64
		{5C13E963-3AB0-48F6-83DE-64878588426D}.Release|x64.Build.0 = Release|x64
		{5C13E963-3AB0-48F6-83DE-64878588426D}.Release|x86.ActiveCfg = Release|Win32
		{5C13E963-3AB0-48F6-83DE-64878588426D}.Release|x86.Build.0 = Release|Win32
		{59F9E027-D990-40D9-9B5A-8260EE094828}.Debug|x64.ActiveCfg = Debug|x64
		{59F9E027-D990-40D9-9B5A-8260EE094828}.Debug|x64.Build.0 = Debug|x64
		{59F9E027-D990-40D9-9B5A-8260EE094828}.Debug|x86.ActiveCfg = Debug|Win32
		{59F9E027-D990-40D9-9B5A-8260EE094828}.Debug|x86.Build.0 = Debug|Win32
		{59F9E027-D990-40D9-9B5A-8260EE094828}.Release|x64.ActiveCfg = Release|x64
		{59F9E027-D990-40D9-9B5A-8260EE094828}.Release|x64.Build.0 = Release|x64
		{59F9E027-D990-40D9-9B5A-8260EE094828}.Release|x86.ActiveCfg = Release|Win32
		{59F9E027-D990-40D9-9B5A-8260EE094828}.Release|x86.Build.0 = Release|Win32
		{A1C464F0-2578-4BA6-8469-097D0C9BFF83}.Debug|x64.ActiveCfg = Debug|x64
		{A1C464F0-2578-4BA6-8469-097D0C9BFF83}.Debug|x64.Build.0 = Debug|x64
		{A1C464F0-2578-4BA6-8469-097D0C9BFF83}.Debug|x86.ActiveCfg = Debug|Win32
		{A1C464F0-2578-4BA6-8469-097D0C9BFF83}.Debug|x86.Build.0 = Debug|Win32
		{A1C464F0-2578-4BA6-8469-097D0C9BFF83}.Release|x64.ActiveCfg = Release|x64
		{A1C464F0-2578-4BA6-8469-097D0C9BFF83}.Release|x64.Build.0 = Release|x64
		{A1C464F0-2578-4BA6-8469-097D0C9BFF83}.Release|x86.ActiveCfg = Release|Win32
		{A1C464F0-2578-4BA6-8469-097D0C9BFF83}.Release|x86.Build.0 = Release|Win32
	EndGlobalSection
	GlobalSection(SolutionProperties) = preSolution
		HideSolutionNode = FALSE
	EndGlobalSection
	GlobalSection(ExtensibilityGlobals) = postSolution
		SolutionGuid = {178B9F15-B8F5-46E2-9027-7AEB5C3DA416}
	EndGlobalSection
EndGlobal
